// !$*UTF8*$!
{
	archiveVersion = 1;
	classes = {
	};
	objectVersion = 55;
	objects = {

/* Begin PBXBuildFile section */
		709DC2E31DAAB55C83091288 /* Pods_DT_DTUITests.framework in Frameworks */ = {isa = PBXBuildFile; fileRef = 2FE561B4694993F9CEED9BB5 /* Pods_DT_DTUITests.framework */; };
		9B8DC37F2931EEA000E81CB3 /* DTPokerResultView.swift in Sources */ = {isa = PBXBuildFile; fileRef = 9B8DC37E2931EEA000E81CB3 /* DTPokerResultView.swift */; };
		9B8DC3812931EF4900E81CB3 /* DTPokerView.swift in Sources */ = {isa = PBXBuildFile; fileRef = 9B8DC3802931EF4900E81CB3 /* DTPokerView.swift */; };
		9B8DC3832931EFB300E81CB3 /* SuitModel.swift in Sources */ = {isa = PBXBuildFile; fileRef = 9B8DC3822931EFB300E81CB3 /* SuitModel.swift */; };
		9B8DC3852931FB3400E81CB3 /* DTCountDownView.swift in Sources */ = {isa = PBXBuildFile; fileRef = 9B8DC3842931FB3400E81CB3 /* DTCountDownView.swift */; };
		9B8DC3882931FED800E81CB3 /* String+Ext.swift in Sources */ = {isa = PBXBuildFile; fileRef = 9B8DC3872931FED800E81CB3 /* String+Ext.swift */; };
		9B8DC38B2932069600E81CB3 /* DTPlayCollectionViewCell.swift in Sources */ = {isa = PBXBuildFile; fileRef = 9B8DC38A2932069600E81CB3 /* DTPlayCollectionViewCell.swift */; };
		9B8DC38D2932325200E81CB3 /* FlashView.swift in Sources */ = {isa = PBXBuildFile; fileRef = 9B8DC38C2932325200E81CB3 /* FlashView.swift */; };
		9B8DC38F293277D800E81CB3 /* ChipInfoView.swift in Sources */ = {isa = PBXBuildFile; fileRef = 9B8DC38E293277D800E81CB3 /* ChipInfoView.swift */; };
		9B8DC39329330D9400E81CB3 /* DTViewModel.swift in Sources */ = {isa = PBXBuildFile; fileRef = 9B8DC39229330D9400E81CB3 /* DTViewModel.swift */; };
		9BA08FAF293B986100065DC9 /* ChipCollectionViewCell.swift in Sources */ = {isa = PBXBuildFile; fileRef = 9BA08FAE293B986100065DC9 /* ChipCollectionViewCell.swift */; };
		9BA08FB1293C946700065DC9 /* DTPlay.json in Resources */ = {isa = PBXBuildFile; fileRef = 9BA08FB0293C946700065DC9 /* DTPlay.json */; };
		9BA08FB3293C96E600065DC9 /* DTPlayModel.swift in Sources */ = {isa = PBXBuildFile; fileRef = 9BA08FB2293C96E500065DC9 /* DTPlayModel.swift */; };
		9BE5F944292E63D500067053 /* AppDelegate.swift in Sources */ = {isa = PBXBuildFile; fileRef = 9BE5F943292E63D500067053 /* AppDelegate.swift */; };
		9BE5F946292E63D500067053 /* SceneDelegate.swift in Sources */ = {isa = PBXBuildFile; fileRef = 9BE5F945292E63D500067053 /* SceneDelegate.swift */; };
		9BE5F948292E63D500067053 /* ViewController.swift in Sources */ = {isa = PBXBuildFile; fileRef = 9BE5F947292E63D500067053 /* ViewController.swift */; };
		9BE5F94B292E63D500067053 /* Main.storyboard in Resources */ = {isa = PBXBuildFile; fileRef = 9BE5F949292E63D500067053 /* Main.storyboard */; };
		9BE5F94D292E63D500067053 /* Assets.xcassets in Resources */ = {isa = PBXBuildFile; fileRef = 9BE5F94C292E63D500067053 /* Assets.xcassets */; };
		9BE5F950292E63D500067053 /* LaunchScreen.storyboard in Resources */ = {isa = PBXBuildFile; fileRef = 9BE5F94E292E63D500067053 /* LaunchScreen.storyboard */; };
		9BE5F95B292E63D500067053 /* DTTests.swift in Sources */ = {isa = PBXBuildFile; fileRef = 9BE5F95A292E63D500067053 /* DTTests.swift */; };
		9BE5F965292E63D500067053 /* DTUITests.swift in Sources */ = {isa = PBXBuildFile; fileRef = 9BE5F964292E63D500067053 /* DTUITests.swift */; };
		9BE5F967292E63D500067053 /* DTUITestsLaunchTests.swift in Sources */ = {isa = PBXBuildFile; fileRef = 9BE5F966292E63D500067053 /* DTUITestsLaunchTests.swift */; };
		9BE67CD42931E3FC001E00B3 /* DTAnimationView.swift in Sources */ = {isa = PBXBuildFile; fileRef = 9BE67CD32931E3FC001E00B3 /* DTAnimationView.swift */; };
		9BE67CD62931E450001E00B3 /* DTPlayView.swift in Sources */ = {isa = PBXBuildFile; fileRef = 9BE67CD52931E450001E00B3 /* DTPlayView.swift */; };
		9BE67CD82931E45E001E00B3 /* DTBottomView.swift in Sources */ = {isa = PBXBuildFile; fileRef = 9BE67CD72931E45E001E00B3 /* DTBottomView.swift */; };
		A3F523B14C7B4DB7A0046021 /* Pods_DT.framework in Frameworks */ = {isa = PBXBuildFile; fileRef = BC0965DEA51E33CE0D3BAC2C /* Pods_DT.framework */; };
		AF2809038E0F8918508C4611 /* Pods_DTTests.framework in Frameworks */ = {isa = PBXBuildFile; fileRef = 6E81365B963834B31E6A69C9 /* Pods_DTTests.framework */; };
		CD78251C2935F64C00114AA7 /* GameResult.swift in Sources */ = {isa = PBXBuildFile; fileRef = CD78251B2935F64C00114AA7 /* GameResult.swift */; };
/* End PBXBuildFile section */

/* Begin PBXContainerItemProxy section */
		9BE5F957292E63D500067053 /* PBXContainerItemProxy */ = {
			isa = PBXContainerItemProxy;
			containerPortal = 9BE5F938292E63D400067053 /* Project object */;
			proxyType = 1;
			remoteGlobalIDString = 9BE5F93F292E63D500067053;
			remoteInfo = DT;
		};
		9BE5F961292E63D500067053 /* PBXContainerItemProxy */ = {
			isa = PBXContainerItemProxy;
			containerPortal = 9BE5F938292E63D400067053 /* Project object */;
			proxyType = 1;
			remoteGlobalIDString = 9BE5F93F292E63D500067053;
			remoteInfo = DT;
		};
/* End PBXContainerItemProxy section */

/* Begin PBXFileReference section */
		2A1D1F2061308394A4E1BCDB /* Pods-DT.release.xcconfig */ = {isa = PBXFileReference; includeInIndex = 1; lastKnownFileType = text.xcconfig; name = "Pods-DT.release.xcconfig"; path = "Target Support Files/Pods-DT/Pods-DT.release.xcconfig"; sourceTree = "<group>"; };
		2FE561B4694993F9CEED9BB5 /* Pods_DT_DTUITests.framework */ = {isa = PBXFileReference; explicitFileType = wrapper.framework; includeInIndex = 0; path = Pods_DT_DTUITests.framework; sourceTree = BUILT_PRODUCTS_DIR; };
		45D17A75834C98D64A72A5C4 /* Pods-DT.debug.xcconfig */ = {isa = PBXFileReference; includeInIndex = 1; lastKnownFileType = text.xcconfig; name = "Pods-DT.debug.xcconfig"; path = "Target Support Files/Pods-DT/Pods-DT.debug.xcconfig"; sourceTree = "<group>"; };
		6E81365B963834B31E6A69C9 /* Pods_DTTests.framework */ = {isa = PBXFileReference; explicitFileType = wrapper.framework; includeInIndex = 0; path = Pods_DTTests.framework; sourceTree = BUILT_PRODUCTS_DIR; };
		70F0675D6D8CA0508E07F672 /* Pods-DT-DTUITests.debug.xcconfig */ = {isa = PBXFileReference; includeInIndex = 1; lastKnownFileType = text.xcconfig; name = "Pods-DT-DTUITests.debug.xcconfig"; path = "Target Support Files/Pods-DT-DTUITests/Pods-DT-DTUITests.debug.xcconfig"; sourceTree = "<group>"; };
		9B8DC37E2931EEA000E81CB3 /* DTPokerResultView.swift */ = {isa = PBXFileReference; lastKnownFileType = sourcecode.swift; path = DTPokerResultView.swift; sourceTree = "<group>"; };
		9B8DC3802931EF4900E81CB3 /* DTPokerView.swift */ = {isa = PBXFileReference; lastKnownFileType = sourcecode.swift; path = DTPokerView.swift; sourceTree = "<group>"; };
		9B8DC3822931EFB300E81CB3 /* SuitModel.swift */ = {isa = PBXFileReference; lastKnownFileType = sourcecode.swift; path = SuitModel.swift; sourceTree = "<group>"; };
		9B8DC3842931FB3400E81CB3 /* DTCountDownView.swift */ = {isa = PBXFileReference; lastKnownFileType = sourcecode.swift; path = DTCountDownView.swift; sourceTree = "<group>"; };
		9B8DC3872931FED800E81CB3 /* String+Ext.swift */ = {isa = PBXFileReference; lastKnownFileType = sourcecode.swift; path = "String+Ext.swift"; sourceTree = "<group>"; };
		9B8DC38A2932069600E81CB3 /* DTPlayCollectionViewCell.swift */ = {isa = PBXFileReference; lastKnownFileType = sourcecode.swift; path = DTPlayCollectionViewCell.swift; sourceTree = "<group>"; };
		9B8DC38C2932325200E81CB3 /* FlashView.swift */ = {isa = PBXFileReference; lastKnownFileType = sourcecode.swift; path = FlashView.swift; sourceTree = "<group>"; };
		9B8DC38E293277D800E81CB3 /* ChipInfoView.swift */ = {isa = PBXFileReference; lastKnownFileType = sourcecode.swift; path = ChipInfoView.swift; sourceTree = "<group>"; };
		9B8DC39229330D9400E81CB3 /* DTViewModel.swift */ = {isa = PBXFileReference; lastKnownFileType = sourcecode.swift; path = DTViewModel.swift; sourceTree = "<group>"; };
		9BA08FAE293B986100065DC9 /* ChipCollectionViewCell.swift */ = {isa = PBXFileReference; lastKnownFileType = sourcecode.swift; path = ChipCollectionViewCell.swift; sourceTree = "<group>"; };
		9BA08FB0293C946700065DC9 /* DTPlay.json */ = {isa = PBXFileReference; lastKnownFileType = text.json; path = DTPlay.json; sourceTree = "<group>"; };
		9BA08FB2293C96E500065DC9 /* DTPlayModel.swift */ = {isa = PBXFileReference; lastKnownFileType = sourcecode.swift; path = DTPlayModel.swift; sourceTree = "<group>"; };
		9BE5F940292E63D500067053 /* DT.app */ = {isa = PBXFileReference; explicitFileType = wrapper.application; includeInIndex = 0; path = DT.app; sourceTree = BUILT_PRODUCTS_DIR; };
		9BE5F943292E63D500067053 /* AppDelegate.swift */ = {isa = PBXFileReference; lastKnownFileType = sourcecode.swift; path = AppDelegate.swift; sourceTree = "<group>"; };
		9BE5F945292E63D500067053 /* SceneDelegate.swift */ = {isa = PBXFileReference; lastKnownFileType = sourcecode.swift; path = SceneDelegate.swift; sourceTree = "<group>"; };
		9BE5F947292E63D500067053 /* ViewController.swift */ = {isa = PBXFileReference; lastKnownFileType = sourcecode.swift; path = ViewController.swift; sourceTree = "<group>"; };
		9BE5F94A292E63D500067053 /* Base */ = {isa = PBXFileReference; lastKnownFileType = file.storyboard; name = Base; path = Base.lproj/Main.storyboard; sourceTree = "<group>"; };
		9BE5F94C292E63D500067053 /* Assets.xcassets */ = {isa = PBXFileReference; lastKnownFileType = folder.assetcatalog; path = Assets.xcassets; sourceTree = "<group>"; };
		9BE5F94F292E63D500067053 /* Base */ = {isa = PBXFileReference; lastKnownFileType = file.storyboard; name = Base; path = Base.lproj/LaunchScreen.storyboard; sourceTree = "<group>"; };
		9BE5F951292E63D500067053 /* Info.plist */ = {isa = PBXFileReference; lastKnownFileType = text.plist.xml; path = Info.plist; sourceTree = "<group>"; };
		9BE5F956292E63D500067053 /* DTTests.xctest */ = {isa = PBXFileReference; explicitFileType = wrapper.cfbundle; includeInIndex = 0; path = DTTests.xctest; sourceTree = BUILT_PRODUCTS_DIR; };
		9BE5F95A292E63D500067053 /* DTTests.swift */ = {isa = PBXFileReference; lastKnownFileType = sourcecode.swift; path = DTTests.swift; sourceTree = "<group>"; };
		9BE5F960292E63D500067053 /* DTUITests.xctest */ = {isa = PBXFileReference; explicitFileType = wrapper.cfbundle; includeInIndex = 0; path = DTUITests.xctest; sourceTree = BUILT_PRODUCTS_DIR; };
		9BE5F964292E63D500067053 /* DTUITests.swift */ = {isa = PBXFileReference; lastKnownFileType = sourcecode.swift; path = DTUITests.swift; sourceTree = "<group>"; };
		9BE5F966292E63D500067053 /* DTUITestsLaunchTests.swift */ = {isa = PBXFileReference; lastKnownFileType = sourcecode.swift; path = DTUITestsLaunchTests.swift; sourceTree = "<group>"; };
		9BE67CD32931E3FC001E00B3 /* DTAnimationView.swift */ = {isa = PBXFileReference; lastKnownFileType = sourcecode.swift; path = DTAnimationView.swift; sourceTree = "<group>"; };
		9BE67CD52931E450001E00B3 /* DTPlayView.swift */ = {isa = PBXFileReference; lastKnownFileType = sourcecode.swift; path = DTPlayView.swift; sourceTree = "<group>"; };
		9BE67CD72931E45E001E00B3 /* DTBottomView.swift */ = {isa = PBXFileReference; lastKnownFileType = sourcecode.swift; path = DTBottomView.swift; sourceTree = "<group>"; };
		9FB022B2887EC87A053820D5 /* Pods-DTTests.release.xcconfig */ = {isa = PBXFileReference; includeInIndex = 1; lastKnownFileType = text.xcconfig; name = "Pods-DTTests.release.xcconfig"; path = "Target Support Files/Pods-DTTests/Pods-DTTests.release.xcconfig"; sourceTree = "<group>"; };
		BC0965DEA51E33CE0D3BAC2C /* Pods_DT.framework */ = {isa = PBXFileReference; explicitFileType = wrapper.framework; includeInIndex = 0; path = Pods_DT.framework; sourceTree = BUILT_PRODUCTS_DIR; };
		CD78251B2935F64C00114AA7 /* GameResult.swift */ = {isa = PBXFileReference; lastKnownFileType = sourcecode.swift; path = GameResult.swift; sourceTree = "<group>"; };
		D79802E3765C0E7B6EEAEB86 /* Pods-DTTests.debug.xcconfig */ = {isa = PBXFileReference; includeInIndex = 1; lastKnownFileType = text.xcconfig; name = "Pods-DTTests.debug.xcconfig"; path = "Target Support Files/Pods-DTTests/Pods-DTTests.debug.xcconfig"; sourceTree = "<group>"; };
		DEAC18784810398BE99720AF /* Pods-DT-DTUITests.release.xcconfig */ = {isa = PBXFileReference; includeInIndex = 1; lastKnownFileType = text.xcconfig; name = "Pods-DT-DTUITests.release.xcconfig"; path = "Target Support Files/Pods-DT-DTUITests/Pods-DT-DTUITests.release.xcconfig"; sourceTree = "<group>"; };
/* End PBXFileReference section */

/* Begin PBXFrameworksBuildPhase section */
		9BE5F93D292E63D500067053 /* Frameworks */ = {
			isa = PBXFrameworksBuildPhase;
			buildActionMask = 2147483647;
			files = (
				A3F523B14C7B4DB7A0046021 /* Pods_DT.framework in Frameworks */,
			);
			runOnlyForDeploymentPostprocessing = 0;
		};
		9BE5F953292E63D500067053 /* Frameworks */ = {
			isa = PBXFrameworksBuildPhase;
			buildActionMask = 2147483647;
			files = (
				AF2809038E0F8918508C4611 /* Pods_DTTests.framework in Frameworks */,
			);
			runOnlyForDeploymentPostprocessing = 0;
		};
		9BE5F95D292E63D500067053 /* Frameworks */ = {
			isa = PBXFrameworksBuildPhase;
			buildActionMask = 2147483647;
			files = (
				709DC2E31DAAB55C83091288 /* Pods_DT_DTUITests.framework in Frameworks */,
			);
			runOnlyForDeploymentPostprocessing = 0;
		};
/* End PBXFrameworksBuildPhase section */

/* Begin PBXGroup section */
		9A660D96752453B7C23EA1DE /* Pods */ = {
			isa = PBXGroup;
			children = (
				45D17A75834C98D64A72A5C4 /* Pods-DT.debug.xcconfig */,
				2A1D1F2061308394A4E1BCDB /* Pods-DT.release.xcconfig */,
				70F0675D6D8CA0508E07F672 /* Pods-DT-DTUITests.debug.xcconfig */,
				DEAC18784810398BE99720AF /* Pods-DT-DTUITests.release.xcconfig */,
				D79802E3765C0E7B6EEAEB86 /* Pods-DTTests.debug.xcconfig */,
				9FB022B2887EC87A053820D5 /* Pods-DTTests.release.xcconfig */,
			);
			path = Pods;
			sourceTree = "<group>";
		};
		9B8B7E422931E19800943E1B /* Views */ = {
			isa = PBXGroup;
			children = (
				9BE67CD32931E3FC001E00B3 /* DTAnimationView.swift */,
				9B8DC37E2931EEA000E81CB3 /* DTPokerResultView.swift */,
				9B8DC3802931EF4900E81CB3 /* DTPokerView.swift */,
				9BE67CD52931E450001E00B3 /* DTPlayView.swift */,
				9BE67CD72931E45E001E00B3 /* DTBottomView.swift */,
				9B8DC3842931FB3400E81CB3 /* DTCountDownView.swift */,
				9B8DC389293205F500E81CB3 /* Cells */,
			);
			path = Views;
			sourceTree = "<group>";
		};
		9B8B7E432931E1A400943E1B /* ViewModels */ = {
			isa = PBXGroup;
			children = (
				9B8DC39229330D9400E81CB3 /* DTViewModel.swift */,
			);
			path = ViewModels;
			sourceTree = "<group>";
		};
		9B8B7E442931E1B100943E1B /* Models */ = {
			isa = PBXGroup;
			children = (
				9B8DC3822931EFB300E81CB3 /* SuitModel.swift */,
				9BA08FB2293C96E500065DC9 /* DTPlayModel.swift */,
				CD78251B2935F64C00114AA7 /* GameResult.swift */,
			);
			path = Models;
			sourceTree = "<group>";
		};
		9B8B7E452931E1C500943E1B /* Resources */ = {
			isa = PBXGroup;
			children = (
				9BE5F949292E63D500067053 /* Main.storyboard */,
				9BE5F94C292E63D500067053 /* Assets.xcassets */,
				9BE5F94E292E63D500067053 /* LaunchScreen.storyboard */,
				9BA08FB0293C946700065DC9 /* DTPlay.json */,
			);
			path = Resources;
			sourceTree = "<group>";
		};
		9B8DC3862931FEB100E81CB3 /* Extensions */ = {
			isa = PBXGroup;
			children = (
				9B8DC3872931FED800E81CB3 /* String+Ext.swift */,
			);
			path = Extensions;
			sourceTree = "<group>";
		};
		9B8DC389293205F500E81CB3 /* Cells */ = {
			isa = PBXGroup;
			children = (
				9B8DC38A2932069600E81CB3 /* DTPlayCollectionViewCell.swift */,
				9BA08FAE293B986100065DC9 /* ChipCollectionViewCell.swift */,
				9B8DC38E293277D800E81CB3 /* ChipInfoView.swift */,
				9B8DC38C2932325200E81CB3 /* FlashView.swift */,
			);
			path = Cells;
			sourceTree = "<group>";
		};
		9BE5F937292E63D400067053 = {
			isa = PBXGroup;
			children = (
				9BE5F942292E63D500067053 /* DT */,
				9BE5F959292E63D500067053 /* DTTests */,
				9BE5F963292E63D500067053 /* DTUITests */,
				9BE5F941292E63D500067053 /* Products */,
				9A660D96752453B7C23EA1DE /* Pods */,
				E2136E43E178DA588D2B59F2 /* Frameworks */,
			);
			sourceTree = "<group>";
		};
		9BE5F941292E63D500067053 /* Products */ = {
			isa = PBXGroup;
			children = (
				9BE5F940292E63D500067053 /* DT.app */,
				9BE5F956292E63D500067053 /* DTTests.xctest */,
				9BE5F960292E63D500067053 /* DTUITests.xctest */,
			);
			name = Products;
			sourceTree = "<group>";
		};
		9BE5F942292E63D500067053 /* DT */ = {
			isa = PBXGroup;
			children = (
				9BE5F943292E63D500067053 /* AppDelegate.swift */,
				9BE5F945292E63D500067053 /* SceneDelegate.swift */,
				9BE5F947292E63D500067053 /* ViewController.swift */,
				9BE5F951292E63D500067053 /* Info.plist */,
				9B8DC3862931FEB100E81CB3 /* Extensions */,
				9B8B7E452931E1C500943E1B /* Resources */,
				9B8B7E442931E1B100943E1B /* Models */,
				9B8B7E432931E1A400943E1B /* ViewModels */,
				9B8B7E422931E19800943E1B /* Views */,
			);
			path = DT;
			sourceTree = "<group>";
		};
		9BE5F959292E63D500067053 /* DTTests */ = {
			isa = PBXGroup;
			children = (
				9BE5F95A292E63D500067053 /* DTTests.swift */,
			);
			path = DTTests;
			sourceTree = "<group>";
		};
		9BE5F963292E63D500067053 /* DTUITests */ = {
			isa = PBXGroup;
			children = (
				9BE5F964292E63D500067053 /* DTUITests.swift */,
				9BE5F966292E63D500067053 /* DTUITestsLaunchTests.swift */,
			);
			path = DTUITests;
			sourceTree = "<group>";
		};
		E2136E43E178DA588D2B59F2 /* Frameworks */ = {
			isa = PBXGroup;
			children = (
				BC0965DEA51E33CE0D3BAC2C /* Pods_DT.framework */,
				2FE561B4694993F9CEED9BB5 /* Pods_DT_DTUITests.framework */,
				6E81365B963834B31E6A69C9 /* Pods_DTTests.framework */,
			);
			name = Frameworks;
			sourceTree = "<group>";
		};
/* End PBXGroup section */

/* Begin PBXNativeTarget section */
		9BE5F93F292E63D500067053 /* DT */ = {
			isa = PBXNativeTarget;
			buildConfigurationList = 9BE5F96A292E63D500067053 /* Build configuration list for PBXNativeTarget "DT" */;
			buildPhases = (
				DD33A5DD35AFCE29AA3EC892 /* [CP] Check Pods Manifest.lock */,
				9BE5F93C292E63D500067053 /* Sources */,
				9BE5F93D292E63D500067053 /* Frameworks */,
				9BE5F93E292E63D500067053 /* Resources */,
				1560275040C56FE5A97347BD /* [CP] Embed Pods Frameworks */,
			);
			buildRules = (
			);
			dependencies = (
			);
			name = DT;
			productName = DT;
			productReference = 9BE5F940292E63D500067053 /* DT.app */;
			productType = "com.apple.product-type.application";
		};
		9BE5F955292E63D500067053 /* DTTests */ = {
			isa = PBXNativeTarget;
			buildConfigurationList = 9BE5F96D292E63D500067053 /* Build configuration list for PBXNativeTarget "DTTests" */;
			buildPhases = (
				E8DE71B85D96988A8DE60623 /* [CP] Check Pods Manifest.lock */,
				9BE5F952292E63D500067053 /* Sources */,
				9BE5F953292E63D500067053 /* Frameworks */,
				9BE5F954292E63D500067053 /* Resources */,
			);
			buildRules = (
			);
			dependencies = (
				9BE5F958292E63D500067053 /* PBXTargetDependency */,
			);
			name = DTTests;
			productName = DTTests;
			productReference = 9BE5F956292E63D500067053 /* DTTests.xctest */;
			productType = "com.apple.product-type.bundle.unit-test";
		};
		9BE5F95F292E63D500067053 /* DTUITests */ = {
			isa = PBXNativeTarget;
			buildConfigurationList = 9BE5F970292E63D500067053 /* Build configuration list for PBXNativeTarget "DTUITests" */;
			buildPhases = (
				5E5EB5249FC9CD858E32ECA8 /* [CP] Check Pods Manifest.lock */,
				9BE5F95C292E63D500067053 /* Sources */,
				9BE5F95D292E63D500067053 /* Frameworks */,
				9BE5F95E292E63D500067053 /* Resources */,
				72654C77CF98B0CFBC8B4AEA /* [CP] Embed Pods Frameworks */,
			);
			buildRules = (
			);
			dependencies = (
				9BE5F962292E63D500067053 /* PBXTargetDependency */,
			);
			name = DTUITests;
			productName = DTUITests;
			productReference = 9BE5F960292E63D500067053 /* DTUITests.xctest */;
			productType = "com.apple.product-type.bundle.ui-testing";
		};
/* End PBXNativeTarget section */

/* Begin PBXProject section */
		9BE5F938292E63D400067053 /* Project object */ = {
			isa = PBXProject;
			attributes = {
				BuildIndependentTargetsInParallel = 1;
				LastSwiftUpdateCheck = 1340;
				LastUpgradeCheck = 1340;
				TargetAttributes = {
					9BE5F93F292E63D500067053 = {
						CreatedOnToolsVersion = 13.4.1;
					};
					9BE5F955292E63D500067053 = {
						CreatedOnToolsVersion = 13.4.1;
						TestTargetID = 9BE5F93F292E63D500067053;
					};
					9BE5F95F292E63D500067053 = {
						CreatedOnToolsVersion = 13.4.1;
						TestTargetID = 9BE5F93F292E63D500067053;
					};
				};
			};
			buildConfigurationList = 9BE5F93B292E63D400067053 /* Build configuration list for PBXProject "DT" */;
			compatibilityVersion = "Xcode 13.0";
			developmentRegion = en;
			hasScannedForEncodings = 0;
			knownRegions = (
				en,
				Base,
			);
			mainGroup = 9BE5F937292E63D400067053;
			productRefGroup = 9BE5F941292E63D500067053 /* Products */;
			projectDirPath = "";
			projectRoot = "";
			targets = (
				9BE5F93F292E63D500067053 /* DT */,
				9BE5F955292E63D500067053 /* DTTests */,
				9BE5F95F292E63D500067053 /* DTUITests */,
			);
		};
/* End PBXProject section */

/* Begin PBXResourcesBuildPhase section */
		9BE5F93E292E63D500067053 /* Resources */ = {
			isa = PBXResourcesBuildPhase;
			buildActionMask = 2147483647;
			files = (
				9BE5F950292E63D500067053 /* LaunchScreen.storyboard in Resources */,
				9BA08FB1293C946700065DC9 /* DTPlay.json in Resources */,
				9BE5F94D292E63D500067053 /* Assets.xcassets in Resources */,
				9BE5F94B292E63D500067053 /* Main.storyboard in Resources */,
			);
			runOnlyForDeploymentPostprocessing = 0;
		};
		9BE5F954292E63D500067053 /* Resources */ = {
			isa = PBXResourcesBuildPhase;
			buildActionMask = 2147483647;
			files = (
			);
			runOnlyForDeploymentPostprocessing = 0;
		};
		9BE5F95E292E63D500067053 /* Resources */ = {
			isa = PBXResourcesBuildPhase;
			buildActionMask = 2147483647;
			files = (
			);
			runOnlyForDeploymentPostprocessing = 0;
		};
/* End PBXResourcesBuildPhase section */

/* Begin PBXShellScriptBuildPhase section */
		1560275040C56FE5A97347BD /* [CP] Embed Pods Frameworks */ = {
			isa = PBXShellScriptBuildPhase;
			buildActionMask = 2147483647;
			files = (
			);
			inputFileListPaths = (
				"${PODS_ROOT}/Target Support Files/Pods-DT/Pods-DT-frameworks-${CONFIGURATION}-input-files.xcfilelist",
			);
			name = "[CP] Embed Pods Frameworks";
			outputFileListPaths = (
				"${PODS_ROOT}/Target Support Files/Pods-DT/Pods-DT-frameworks-${CONFIGURATION}-output-files.xcfilelist",
			);
			runOnlyForDeploymentPostprocessing = 0;
			shellPath = /bin/sh;
			shellScript = "\"${PODS_ROOT}/Target Support Files/Pods-DT/Pods-DT-frameworks.sh\"\n";
			showEnvVarsInLog = 0;
		};
		5E5EB5249FC9CD858E32ECA8 /* [CP] Check Pods Manifest.lock */ = {
			isa = PBXShellScriptBuildPhase;
			buildActionMask = 2147483647;
			files = (
			);
			inputFileListPaths = (
			);
			inputPaths = (
				"${PODS_PODFILE_DIR_PATH}/Podfile.lock",
				"${PODS_ROOT}/Manifest.lock",
			);
			name = "[CP] Check Pods Manifest.lock";
			outputFileListPaths = (
			);
			outputPaths = (
				"$(DERIVED_FILE_DIR)/Pods-DT-DTUITests-checkManifestLockResult.txt",
			);
			runOnlyForDeploymentPostprocessing = 0;
			shellPath = /bin/sh;
			shellScript = "diff \"${PODS_PODFILE_DIR_PATH}/Podfile.lock\" \"${PODS_ROOT}/Manifest.lock\" > /dev/null\nif [ $? != 0 ] ; then\n    # print error to STDERR\n    echo \"error: The sandbox is not in sync with the Podfile.lock. Run 'pod install' or update your CocoaPods installation.\" >&2\n    exit 1\nfi\n# This output is used by Xcode 'outputs' to avoid re-running this script phase.\necho \"SUCCESS\" > \"${SCRIPT_OUTPUT_FILE_0}\"\n";
			showEnvVarsInLog = 0;
		};
		72654C77CF98B0CFBC8B4AEA /* [CP] Embed Pods Frameworks */ = {
			isa = PBXShellScriptBuildPhase;
			buildActionMask = 2147483647;
			files = (
			);
			inputFileListPaths = (
				"${PODS_ROOT}/Target Support Files/Pods-DT-DTUITests/Pods-DT-DTUITests-frameworks-${CONFIGURATION}-input-files.xcfilelist",
			);
			name = "[CP] Embed Pods Frameworks";
			outputFileListPaths = (
				"${PODS_ROOT}/Target Support Files/Pods-DT-DTUITests/Pods-DT-DTUITests-frameworks-${CONFIGURATION}-output-files.xcfilelist",
			);
			runOnlyForDeploymentPostprocessing = 0;
			shellPath = /bin/sh;
			shellScript = "\"${PODS_ROOT}/Target Support Files/Pods-DT-DTUITests/Pods-DT-DTUITests-frameworks.sh\"\n";
			showEnvVarsInLog = 0;
		};
		DD33A5DD35AFCE29AA3EC892 /* [CP] Check Pods Manifest.lock */ = {
			isa = PBXShellScriptBuildPhase;
			buildActionMask = 2147483647;
			files = (
			);
			inputFileListPaths = (
			);
			inputPaths = (
				"${PODS_PODFILE_DIR_PATH}/Podfile.lock",
				"${PODS_ROOT}/Manifest.lock",
			);
			name = "[CP] Check Pods Manifest.lock";
			outputFileListPaths = (
			);
			outputPaths = (
				"$(DERIVED_FILE_DIR)/Pods-DT-checkManifestLockResult.txt",
			);
			runOnlyForDeploymentPostprocessing = 0;
			shellPath = /bin/sh;
			shellScript = "diff \"${PODS_PODFILE_DIR_PATH}/Podfile.lock\" \"${PODS_ROOT}/Manifest.lock\" > /dev/null\nif [ $? != 0 ] ; then\n    # print error to STDERR\n    echo \"error: The sandbox is not in sync with the Podfile.lock. Run 'pod install' or update your CocoaPods installation.\" >&2\n    exit 1\nfi\n# This output is used by Xcode 'outputs' to avoid re-running this script phase.\necho \"SUCCESS\" > \"${SCRIPT_OUTPUT_FILE_0}\"\n";
			showEnvVarsInLog = 0;
		};
		E8DE71B85D96988A8DE60623 /* [CP] Check Pods Manifest.lock */ = {
			isa = PBXShellScriptBuildPhase;
			buildActionMask = 2147483647;
			files = (
			);
			inputFileListPaths = (
			);
			inputPaths = (
				"${PODS_PODFILE_DIR_PATH}/Podfile.lock",
				"${PODS_ROOT}/Manifest.lock",
			);
			name = "[CP] Check Pods Manifest.lock";
			outputFileListPaths = (
			);
			outputPaths = (
				"$(DERIVED_FILE_DIR)/Pods-DTTests-checkManifestLockResult.txt",
			);
			runOnlyForDeploymentPostprocessing = 0;
			shellPath = /bin/sh;
			shellScript = "diff \"${PODS_PODFILE_DIR_PATH}/Podfile.lock\" \"${PODS_ROOT}/Manifest.lock\" > /dev/null\nif [ $? != 0 ] ; then\n    # print error to STDERR\n    echo \"error: The sandbox is not in sync with the Podfile.lock. Run 'pod install' or update your CocoaPods installation.\" >&2\n    exit 1\nfi\n# This output is used by Xcode 'outputs' to avoid re-running this script phase.\necho \"SUCCESS\" > \"${SCRIPT_OUTPUT_FILE_0}\"\n";
			showEnvVarsInLog = 0;
		};
/* End PBXShellScriptBuildPhase section */

/* Begin PBXSourcesBuildPhase section */
		9BE5F93C292E63D500067053 /* Sources */ = {
			isa = PBXSourcesBuildPhase;
			buildActionMask = 2147483647;
			files = (
				9B8DC38D2932325200E81CB3 /* FlashView.swift in Sources */,
				9BA08FAF293B986100065DC9 /* ChipCollectionViewCell.swift in Sources */,
				9B8DC3812931EF4900E81CB3 /* DTPokerView.swift in Sources */,
				9BE5F948292E63D500067053 /* ViewController.swift in Sources */,
				9BE67CD82931E45E001E00B3 /* DTBottomView.swift in Sources */,
				CD78251C2935F64C00114AA7 /* GameResult.swift in Sources */,
				9B8DC37F2931EEA000E81CB3 /* DTPokerResultView.swift in Sources */,
				9BA08FB3293C96E600065DC9 /* DTPlayModel.swift in Sources */,
				9BE67CD62931E450001E00B3 /* DTPlayView.swift in Sources */,
				9BE5F944292E63D500067053 /* AppDelegate.swift in Sources */,
				9B8DC3832931EFB300E81CB3 /* SuitModel.swift in Sources */,
				9BE5F946292E63D500067053 /* SceneDelegate.swift in Sources */,
				9B8DC3852931FB3400E81CB3 /* DTCountDownView.swift in Sources */,
				9B8DC38F293277D800E81CB3 /* ChipInfoView.swift in Sources */,
				9B8DC39329330D9400E81CB3 /* DTViewModel.swift in Sources */,
				9BE67CD42931E3FC001E00B3 /* DTAnimationView.swift in Sources */,
				9B8DC38B2932069600E81CB3 /* DTPlayCollectionViewCell.swift in Sources */,
				9B8DC3882931FED800E81CB3 /* String+Ext.swift in Sources */,
			);
			runOnlyForDeploymentPostprocessing = 0;
		};
		9BE5F952292E63D500067053 /* Sources */ = {
			isa = PBXSourcesBuildPhase;
			buildActionMask = 2147483647;
			files = (
				9BE5F95B292E63D500067053 /* DTTests.swift in Sources */,
			);
			runOnlyForDeploymentPostprocessing = 0;
		};
		9BE5F95C292E63D500067053 /* Sources */ = {
			isa = PBXSourcesBuildPhase;
			buildActionMask = 2147483647;
			files = (
				9BE5F967292E63D500067053 /* DTUITestsLaunchTests.swift in Sources */,
				9BE5F965292E63D500067053 /* DTUITests.swift in Sources */,
			);
			runOnlyForDeploymentPostprocessing = 0;
		};
/* End PBXSourcesBuildPhase section */

/* Begin PBXTargetDependency section */
		9BE5F958292E63D500067053 /* PBXTargetDependency */ = {
			isa = PBXTargetDependency;
			target = 9BE5F93F292E63D500067053 /* DT */;
			targetProxy = 9BE5F957292E63D500067053 /* PBXContainerItemProxy */;
		};
		9BE5F962292E63D500067053 /* PBXTargetDependency */ = {
			isa = PBXTargetDependency;
			target = 9BE5F93F292E63D500067053 /* DT */;
			targetProxy = 9BE5F961292E63D500067053 /* PBXContainerItemProxy */;
		};
/* End PBXTargetDependency section */

/* Begin PBXVariantGroup section */
		9BE5F949292E63D500067053 /* Main.storyboard */ = {
			isa = PBXVariantGroup;
			children = (
				9BE5F94A292E63D500067053 /* Base */,
			);
			name = Main.storyboard;
			sourceTree = "<group>";
		};
		9BE5F94E292E63D500067053 /* LaunchScreen.storyboard */ = {
			isa = PBXVariantGroup;
			children = (
				9BE5F94F292E63D500067053 /* Base */,
			);
			name = LaunchScreen.storyboard;
			sourceTree = "<group>";
		};
/* End PBXVariantGroup section */

/* Begin XCBuildConfiguration section */
		9BE5F968292E63D500067053 /* Debug */ = {
			isa = XCBuildConfiguration;
			buildSettings = {
				ALWAYS_SEARCH_USER_PATHS = NO;
				CLANG_ANALYZER_NONNULL = YES;
				CLANG_ANALYZER_NUMBER_OBJECT_CONVERSION = YES_AGGRESSIVE;
				CLANG_CXX_LANGUAGE_STANDARD = "gnu++17";
				CLANG_ENABLE_MODULES = YES;
				CLANG_ENABLE_OBJC_ARC = YES;
				CLANG_ENABLE_OBJC_WEAK = YES;
				CLANG_WARN_BLOCK_CAPTURE_AUTORELEASING = YES;
				CLANG_WARN_BOOL_CONVERSION = YES;
				CLANG_WARN_COMMA = YES;
				CLANG_WARN_CONSTANT_CONVERSION = YES;
				CLANG_WARN_DEPRECATED_OBJC_IMPLEMENTATIONS = YES;
				CLANG_WARN_DIRECT_OBJC_ISA_USAGE = YES_ERROR;
				CLANG_WARN_DOCUMENTATION_COMMENTS = YES;
				CLANG_WARN_EMPTY_BODY = YES;
				CLANG_WARN_ENUM_CONVERSION = YES;
				CLANG_WARN_INFINITE_RECURSION = YES;
				CLANG_WARN_INT_CONVERSION = YES;
				CLANG_WARN_NON_LITERAL_NULL_CONVERSION = YES;
				CLANG_WARN_OBJC_IMPLICIT_RETAIN_SELF = YES;
				CLANG_WARN_OBJC_LITERAL_CONVERSION = YES;
				CLANG_WARN_OBJC_ROOT_CLASS = YES_ERROR;
				CLANG_WARN_QUOTED_INCLUDE_IN_FRAMEWORK_HEADER = YES;
				CLANG_WARN_RANGE_LOOP_ANALYSIS = YES;
				CLANG_WARN_STRICT_PROTOTYPES = YES;
				CLANG_WARN_SUSPICIOUS_MOVE = YES;
				CLANG_WARN_UNGUARDED_AVAILABILITY = YES_AGGRESSIVE;
				CLANG_WARN_UNREACHABLE_CODE = YES;
				CLANG_WARN__DUPLICATE_METHOD_MATCH = YES;
				COPY_PHASE_STRIP = NO;
				DEBUG_INFORMATION_FORMAT = dwarf;
				ENABLE_STRICT_OBJC_MSGSEND = YES;
				ENABLE_TESTABILITY = YES;
				GCC_C_LANGUAGE_STANDARD = gnu11;
				GCC_DYNAMIC_NO_PIC = NO;
				GCC_NO_COMMON_BLOCKS = YES;
				GCC_OPTIMIZATION_LEVEL = 0;
				GCC_PREPROCESSOR_DEFINITIONS = (
					"DEBUG=1",
					"$(inherited)",
				);
				GCC_WARN_64_TO_32_BIT_CONVERSION = YES;
				GCC_WARN_ABOUT_RETURN_TYPE = YES_ERROR;
				GCC_WARN_UNDECLARED_SELECTOR = YES;
				GCC_WARN_UNINITIALIZED_AUTOS = YES_AGGRESSIVE;
				GCC_WARN_UNUSED_FUNCTION = YES;
				GCC_WARN_UNUSED_VARIABLE = YES;
				IPHONEOS_DEPLOYMENT_TARGET = 15.5;
				MTL_ENABLE_DEBUG_INFO = INCLUDE_SOURCE;
				MTL_FAST_MATH = YES;
				ONLY_ACTIVE_ARCH = YES;
				SDKROOT = iphoneos;
				SWIFT_ACTIVE_COMPILATION_CONDITIONS = DEBUG;
				SWIFT_OPTIMIZATION_LEVEL = "-Onone";
			};
			name = Debug;
		};
		9BE5F969292E63D500067053 /* Release */ = {
			isa = XCBuildConfiguration;
			buildSettings = {
				ALWAYS_SEARCH_USER_PATHS = NO;
				CLANG_ANALYZER_NONNULL = YES;
				CLANG_ANALYZER_NUMBER_OBJECT_CONVERSION = YES_AGGRESSIVE;
				CLANG_CXX_LANGUAGE_STANDARD = "gnu++17";
				CLANG_ENABLE_MODULES = YES;
				CLANG_ENABLE_OBJC_ARC = YES;
				CLANG_ENABLE_OBJC_WEAK = YES;
				CLANG_WARN_BLOCK_CAPTURE_AUTORELEASING = YES;
				CLANG_WARN_BOOL_CONVERSION = YES;
				CLANG_WARN_COMMA = YES;
				CLANG_WARN_CONSTANT_CONVERSION = YES;
				CLANG_WARN_DEPRECATED_OBJC_IMPLEMENTATIONS = YES;
				CLANG_WARN_DIRECT_OBJC_ISA_USAGE = YES_ERROR;
				CLANG_WARN_DOCUMENTATION_COMMENTS = YES;
				CLANG_WARN_EMPTY_BODY = YES;
				CLANG_WARN_ENUM_CONVERSION = YES;
				CLANG_WARN_INFINITE_RECURSION = YES;
				CLANG_WARN_INT_CONVERSION = YES;
				CLANG_WARN_NON_LITERAL_NULL_CONVERSION = YES;
				CLANG_WARN_OBJC_IMPLICIT_RETAIN_SELF = YES;
				CLANG_WARN_OBJC_LITERAL_CONVERSION = YES;
				CLANG_WARN_OBJC_ROOT_CLASS = YES_ERROR;
				CLANG_WARN_QUOTED_INCLUDE_IN_FRAMEWORK_HEADER = YES;
				CLANG_WARN_RANGE_LOOP_ANALYSIS = YES;
				CLANG_WARN_STRICT_PROTOTYPES = YES;
				CLANG_WARN_SUSPICIOUS_MOVE = YES;
				CLANG_WARN_UNGUARDED_AVAILABILITY = YES_AGGRESSIVE;
				CLANG_WARN_UNREACHABLE_CODE = YES;
				CLANG_WARN__DUPLICATE_METHOD_MATCH = YES;
				COPY_PHASE_STRIP = NO;
				DEBUG_INFORMATION_FORMAT = "dwarf-with-dsym";
				ENABLE_NS_ASSERTIONS = NO;
				ENABLE_STRICT_OBJC_MSGSEND = YES;
				GCC_C_LANGUAGE_STANDARD = gnu11;
				GCC_NO_COMMON_BLOCKS = YES;
				GCC_WARN_64_TO_32_BIT_CONVERSION = YES;
				GCC_WARN_ABOUT_RETURN_TYPE = YES_ERROR;
				GCC_WARN_UNDECLARED_SELECTOR = YES;
				GCC_WARN_UNINITIALIZED_AUTOS = YES_AGGRESSIVE;
				GCC_WARN_UNUSED_FUNCTION = YES;
				GCC_WARN_UNUSED_VARIABLE = YES;
				IPHONEOS_DEPLOYMENT_TARGET = 15.5;
				MTL_ENABLE_DEBUG_INFO = NO;
				MTL_FAST_MATH = YES;
				SDKROOT = iphoneos;
				SWIFT_COMPILATION_MODE = wholemodule;
				SWIFT_OPTIMIZATION_LEVEL = "-O";
				VALIDATE_PRODUCT = YES;
			};
			name = Release;
		};
		9BE5F96B292E63D500067053 /* Debug */ = {
			isa = XCBuildConfiguration;
			baseConfigurationReference = 45D17A75834C98D64A72A5C4 /* Pods-DT.debug.xcconfig */;
			buildSettings = {
				ASSETCATALOG_COMPILER_APPICON_NAME = AppIcon;
				ASSETCATALOG_COMPILER_GLOBAL_ACCENT_COLOR_NAME = AccentColor;
				CODE_SIGN_STYLE = Automatic;
				CURRENT_PROJECT_VERSION = 1;
				DEVELOPMENT_TEAM = 7588T3DZY6;
				GENERATE_INFOPLIST_FILE = YES;
				INFOPLIST_FILE = DT/Info.plist;
				INFOPLIST_KEY_UIApplicationSupportsIndirectInputEvents = YES;
				INFOPLIST_KEY_UILaunchStoryboardName = LaunchScreen;
				INFOPLIST_KEY_UIMainStoryboardFile = Main;
				INFOPLIST_KEY_UISupportedInterfaceOrientations_iPad = "UIInterfaceOrientationPortrait UIInterfaceOrientationPortraitUpsideDown UIInterfaceOrientationLandscapeLeft UIInterfaceOrientationLandscapeRight";
				INFOPLIST_KEY_UISupportedInterfaceOrientations_iPhone = "UIInterfaceOrientationPortrait UIInterfaceOrientationLandscapeLeft UIInterfaceOrientationLandscapeRight";
				LD_RUNPATH_SEARCH_PATHS = (
					"$(inherited)",
					"@executable_path/Frameworks",
				);
				MARKETING_VERSION = 1.0;
				PRODUCT_BUNDLE_IDENTIFIER = com.pinyuanchen.DT;
				PRODUCT_NAME = "$(TARGET_NAME)";
				SWIFT_EMIT_LOC_STRINGS = YES;
				SWIFT_VERSION = 5.0;
				TARGETED_DEVICE_FAMILY = "1,2";
			};
			name = Debug;
		};
		9BE5F96C292E63D500067053 /* Release */ = {
			isa = XCBuildConfiguration;
			baseConfigurationReference = 2A1D1F2061308394A4E1BCDB /* Pods-DT.release.xcconfig */;
			buildSettings = {
				ASSETCATALOG_COMPILER_APPICON_NAME = AppIcon;
				ASSETCATALOG_COMPILER_GLOBAL_ACCENT_COLOR_NAME = AccentColor;
				CODE_SIGN_STYLE = Automatic;
				CURRENT_PROJECT_VERSION = 1;
				DEVELOPMENT_TEAM = 7588T3DZY6;
				GENERATE_INFOPLIST_FILE = YES;
				INFOPLIST_FILE = DT/Info.plist;
				INFOPLIST_KEY_UIApplicationSupportsIndirectInputEvents = YES;
				INFOPLIST_KEY_UILaunchStoryboardName = LaunchScreen;
				INFOPLIST_KEY_UIMainStoryboardFile = Main;
				INFOPLIST_KEY_UISupportedInterfaceOrientations_iPad = "UIInterfaceOrientationPortrait UIInterfaceOrientationPortraitUpsideDown UIInterfaceOrientationLandscapeLeft UIInterfaceOrientationLandscapeRight";
				INFOPLIST_KEY_UISupportedInterfaceOrientations_iPhone = "UIInterfaceOrientationPortrait UIInterfaceOrientationLandscapeLeft UIInterfaceOrientationLandscapeRight";
				LD_RUNPATH_SEARCH_PATHS = (
					"$(inherited)",
					"@executable_path/Frameworks",
				);
				MARKETING_VERSION = 1.0;
				PRODUCT_BUNDLE_IDENTIFIER = com.pinyuanchen.DT;
				PRODUCT_NAME = "$(TARGET_NAME)";
				SWIFT_EMIT_LOC_STRINGS = YES;
				SWIFT_VERSION = 5.0;
				TARGETED_DEVICE_FAMILY = "1,2";
			};
			name = Release;
		};
		9BE5F96E292E63D500067053 /* Debug */ = {
			isa = XCBuildConfiguration;
			baseConfigurationReference = D79802E3765C0E7B6EEAEB86 /* Pods-DTTests.debug.xcconfig */;
			buildSettings = {
				ALWAYS_EMBED_SWIFT_STANDARD_LIBRARIES = YES;
				BUNDLE_LOADER = "$(TEST_HOST)";
				CODE_SIGN_STYLE = Automatic;
				CURRENT_PROJECT_VERSION = 1;
				DEVELOPMENT_TEAM = 7588T3DZY6;
				GENERATE_INFOPLIST_FILE = YES;
				IPHONEOS_DEPLOYMENT_TARGET = 15.5;
				MARKETING_VERSION = 1.0;
				PRODUCT_BUNDLE_IDENTIFIER = com.pinyuanchen.DTTests;
				PRODUCT_NAME = "$(TARGET_NAME)";
				SWIFT_EMIT_LOC_STRINGS = NO;
				SWIFT_VERSION = 5.0;
				TARGETED_DEVICE_FAMILY = "1,2";
				TEST_HOST = "$(BUILT_PRODUCTS_DIR)/DT.app/DT";
			};
			name = Debug;
		};
		9BE5F96F292E63D500067053 /* Release */ = {
			isa = XCBuildConfiguration;
			baseConfigurationReference = 9FB022B2887EC87A053820D5 /* Pods-DTTests.release.xcconfig */;
			buildSettings = {
				ALWAYS_EMBED_SWIFT_STANDARD_LIBRARIES = YES;
				BUNDLE_LOADER = "$(TEST_HOST)";
				CODE_SIGN_STYLE = Automatic;
				CURRENT_PROJECT_VERSION = 1;
				DEVELOPMENT_TEAM = 7588T3DZY6;
				GENERATE_INFOPLIST_FILE = YES;
				IPHONEOS_DEPLOYMENT_TARGET = 15.5;
				MARKETING_VERSION = 1.0;
				PRODUCT_BUNDLE_IDENTIFIER = com.pinyuanchen.DTTests;
				PRODUCT_NAME = "$(TARGET_NAME)";
				SWIFT_EMIT_LOC_STRINGS = NO;
				SWIFT_VERSION = 5.0;
				TARGETED_DEVICE_FAMILY = "1,2";
				TEST_HOST = "$(BUILT_PRODUCTS_DIR)/DT.app/DT";
			};
			name = Release;
		};
		9BE5F971292E63D500067053 /* Debug */ = {
			isa = XCBuildConfiguration;
			baseConfigurationReference = 70F0675D6D8CA0508E07F672 /* Pods-DT-DTUITests.debug.xcconfig */;
			buildSettings = {
				ALWAYS_EMBED_SWIFT_STANDARD_LIBRARIES = YES;
				CODE_SIGN_STYLE = Automatic;
				CURRENT_PROJECT_VERSION = 1;
				DEVELOPMENT_TEAM = 7588T3DZY6;
				GENERATE_INFOPLIST_FILE = YES;
				MARKETING_VERSION = 1.0;
				PRODUCT_BUNDLE_IDENTIFIER = com.pinyuanchen.DTUITests;
				PRODUCT_NAME = "$(TARGET_NAME)";
				SWIFT_EMIT_LOC_STRINGS = NO;
				SWIFT_VERSION = 5.0;
				TARGETED_DEVICE_FAMILY = "1,2";
				TEST_TARGET_NAME = DT;
			};
			name = Debug;
		};
		9BE5F972292E63D500067053 /* Release */ = {
			isa = XCBuildConfiguration;
			baseConfigurationReference = DEAC18784810398BE99720AF /* Pods-DT-DTUITests.release.xcconfig */;
			buildSettings = {
				ALWAYS_EMBED_SWIFT_STANDARD_LIBRARIES = YES;
				CODE_SIGN_STYLE = Automatic;
				CURRENT_PROJECT_VERSION = 1;
				DEVELOPMENT_TEAM = 7588T3DZY6;
				GENERATE_INFOPLIST_FILE = YES;
				MARKETING_VERSION = 1.0;
				PRODUCT_BUNDLE_IDENTIFIER = com.pinyuanchen.DTUITests;
				PRODUCT_NAME = "$(TARGET_NAME)";
				SWIFT_EMIT_LOC_STRINGS = NO;
				SWIFT_VERSION = 5.0;
				TARGETED_DEVICE_FAMILY = "1,2";
				TEST_TARGET_NAME = DT;
			};
			name = Release;
		};
/* End XCBuildConfiguration section */

/* Begin XCConfigurationList section */
		9BE5F93B292E63D400067053 /* Build configuration list for PBXProject "DT" */ = {
			isa = XCConfigurationList;
			buildConfigurations = (
				9BE5F968292E63D500067053 /* Debug */,
				9BE5F969292E63D500067053 /* Release */,
			);
			defaultConfigurationIsVisible = 0;
			defaultConfigurationName = Release;
		};
		9BE5F96A292E63D500067053 /* Build configuration list for PBXNativeTarget "DT" */ = {
			isa = XCConfigurationList;
			buildConfigurations = (
				9BE5F96B292E63D500067053 /* Debug */,
				9BE5F96C292E63D500067053 /* Release */,
			);
			defaultConfigurationIsVisible = 0;
			defaultConfigurationName = Release;
		};
		9BE5F96D292E63D500067053 /* Build configuration list for PBXNativeTarget "DTTests" */ = {
			isa = XCConfigurationList;
			buildConfigurations = (
				9BE5F96E292E63D500067053 /* Debug */,
				9BE5F96F292E63D500067053 /* Release */,
			);
			defaultConfigurationIsVisible = 0;
			defaultConfigurationName = Release;
		};
		9BE5F970292E63D500067053 /* Build configuration list for PBXNativeTarget "DTUITests" */ = {
			isa = XCConfigurationList;
			buildConfigurations = (
				9BE5F971292E63D500067053 /* Debug */,
				9BE5F972292E63D500067053 /* Release */,
			);
			defaultConfigurationIsVisible = 0;
			defaultConfigurationName = Release;
		};
/* End XCConfigurationList section */
	};
	rootObject = 9BE5F938292E63D400067053 /* Project object */;
}
